PODS:
  - PinInputView (0.1.0):
    - PureLayout
  - PureLayout (3.0.2)

DEPENDENCIES:
  - PinInputView (from `../`)

EXTERNAL SOURCES:
  PinInputView:
    :path: ../

SPEC CHECKSUMS:
  PinInputView: b6cf41bb37e7f3c35082ce576c69d8f559f2b8bf
  PureLayout: 4d550abe49a94f24c2808b9b95db9131685fe4cd

PODFILE CHECKSUM: f24e5ebcba7f0f6b1c1a7b1688fb3d487b3659be

COCOAPODS: 1.4.0
